// !$*UTF8*$!
{
	archiveVersion = 1;
	classes = {
	};
	objectVersion = 46;
	objects = {

/* Begin PBXBuildFile section */
		1EED6BFE0EE496820099B178 /* Pods_SignsForCorpus.framework in Frameworks */ = {isa = PBXBuildFile; fileRef = C65FCDB33C029D94F234DB1F /* Pods_SignsForCorpus.framework */; };
		9AB49C7E288B5B1600B4E758 /* Router.swift in Sources */ = {isa = PBXBuildFile; fileRef = 9AB49C7D288B5B1600B4E758 /* Router.swift */; };
		9AB49C83288B5BAB00B4E758 /* SignsViewController.swift in Sources */ = {isa = PBXBuildFile; fileRef = 9AB49C82288B5BAB00B4E758 /* SignsViewController.swift */; };
		9AB49C85288B5C1600B4E758 /* SignsPresenter.swift in Sources */ = {isa = PBXBuildFile; fileRef = 9AB49C84288B5C1600B4E758 /* SignsPresenter.swift */; };
		9AC10677288B3CAE00D65184 /* UIAlertController+ConvinienceMethods.swift in Sources */ = {isa = PBXBuildFile; fileRef = 9AC10676288B3CAE00D65184 /* UIAlertController+ConvinienceMethods.swift */; };
		9AC10679288B4FDF00D65184 /* ModuleBuilder.swift in Sources */ = {isa = PBXBuildFile; fileRef = 9AC10678288B4FDF00D65184 /* ModuleBuilder.swift */; };
		DC4970B362F74C090ACF4143 /* City.swift in Sources */ = {isa = PBXBuildFile; fileRef = DC4972DC32992962B9F772C7 /* City.swift */; };
		DC4970CCF3DA6606B0E29D60 /* CitiesViewController.swift in Sources */ = {isa = PBXBuildFile; fileRef = DC497BA9669702A78A52177A /* CitiesViewController.swift */; };
		DC497144F9DB1B53086B63E2 /* SceneDelegate.swift in Sources */ = {isa = PBXBuildFile; fileRef = DC497BD5AA9BDDD46D5F93F7 /* SceneDelegate.swift */; };
		DC497150D02429A97A373211 /* NetworkClient.swift in Sources */ = {isa = PBXBuildFile; fileRef = DC4970EE882D8F1BF387BABF /* NetworkClient.swift */; };
		DC4974DA7DBCB46456AB669F /* AppDelegate.swift in Sources */ = {isa = PBXBuildFile; fileRef = DC49781D6C235D6B61BA7B59 /* AppDelegate.swift */; };
		DC49758D4F16F01F0A0809CB /* String+HTMLEncoding.swift in Sources */ = {isa = PBXBuildFile; fileRef = DC497CB711AE671A14A235B3 /* String+HTMLEncoding.swift */; };
		DC4975C1A35E5803641B18CD /* CitiesPresenter.swift in Sources */ = {isa = PBXBuildFile; fileRef = DC497229CC5D1684D888D579 /* CitiesPresenter.swift */; };
		DC4975C735352C1B61A5D64D /* SignDTO.swift in Sources */ = {isa = PBXBuildFile; fileRef = DC497A48A9267568B6E9C9B2 /* SignDTO.swift */; };
		DC4977422D8AB13E1E0F1D65 /* API.swift in Sources */ = {isa = PBXBuildFile; fileRef = DC49712E613016FCF9941B41 /* API.swift */; };
		DC497A2E29456A2B9439E9FB /* Config.swift in Sources */ = {isa = PBXBuildFile; fileRef = DC497E3BD5456D80CFBDD30B /* Config.swift */; };
		DC497A32907505C06CB95954 /* LaunchScreen.storyboard in Resources */ = {isa = PBXBuildFile; fileRef = DC497B64740F0A0AE1501B5F /* LaunchScreen.storyboard */; };
		DC497BD689D4ED02CFCCF110 /* CityDTO.swift in Sources */ = {isa = PBXBuildFile; fileRef = DC497A11FEEF389BFD127F01 /* CityDTO.swift */; };
		DC497D115F8763DB65AC3DB9 /* Assets.xcassets in Resources */ = {isa = PBXBuildFile; fileRef = DC4976652DDA858199A0C93B /* Assets.xcassets */; };
		DC497E28E89CA04592051857 /* Sign.swift in Sources */ = {isa = PBXBuildFile; fileRef = DC49701EB7C839BF7526931C /* Sign.swift */; };
/* End PBXBuildFile section */

/* Begin PBXFileReference section */
		2FA7C3838FBDD3710757ECBE /* Pods-SignsForCorpus.debug.xcconfig */ = {isa = PBXFileReference; includeInIndex = 1; lastKnownFileType = text.xcconfig; name = "Pods-SignsForCorpus.debug.xcconfig"; path = "Target Support Files/Pods-SignsForCorpus/Pods-SignsForCorpus.debug.xcconfig"; sourceTree = "<group>"; };
		7EE35683EBC6D4520C42E6B9 /* Pods-SignsForCorpus.release.xcconfig */ = {isa = PBXFileReference; includeInIndex = 1; lastKnownFileType = text.xcconfig; name = "Pods-SignsForCorpus.release.xcconfig"; path = "Target Support Files/Pods-SignsForCorpus/Pods-SignsForCorpus.release.xcconfig"; sourceTree = "<group>"; };
		9AB49C7D288B5B1600B4E758 /* Router.swift */ = {isa = PBXFileReference; lastKnownFileType = sourcecode.swift; path = Router.swift; sourceTree = "<group>"; };
		9AB49C82288B5BAB00B4E758 /* SignsViewController.swift */ = {isa = PBXFileReference; lastKnownFileType = sourcecode.swift; path = SignsViewController.swift; sourceTree = "<group>"; };
		9AB49C84288B5C1600B4E758 /* SignsPresenter.swift */ = {isa = PBXFileReference; lastKnownFileType = sourcecode.swift; path = SignsPresenter.swift; sourceTree = "<group>"; };
		9AC10676288B3CAE00D65184 /* UIAlertController+ConvinienceMethods.swift */ = {isa = PBXFileReference; lastKnownFileType = sourcecode.swift; path = "UIAlertController+ConvinienceMethods.swift"; sourceTree = "<group>"; };
		9AC10678288B4FDF00D65184 /* ModuleBuilder.swift */ = {isa = PBXFileReference; lastKnownFileType = sourcecode.swift; path = ModuleBuilder.swift; sourceTree = "<group>"; };
		C65FCDB33C029D94F234DB1F /* Pods_SignsForCorpus.framework */ = {isa = PBXFileReference; explicitFileType = wrapper.framework; includeInIndex = 0; path = Pods_SignsForCorpus.framework; sourceTree = BUILT_PRODUCTS_DIR; };
		DC49701EB7C839BF7526931C /* Sign.swift */ = {isa = PBXFileReference; fileEncoding = 4; lastKnownFileType = sourcecode.swift; path = Sign.swift; sourceTree = "<group>"; };
		DC497062BB8E80A243D429E1 /* SignsForCorpus.app */ = {isa = PBXFileReference; explicitFileType = wrapper.application; includeInIndex = 0; path = SignsForCorpus.app; sourceTree = BUILT_PRODUCTS_DIR; };
		DC4970EE882D8F1BF387BABF /* NetworkClient.swift */ = {isa = PBXFileReference; fileEncoding = 4; lastKnownFileType = sourcecode.swift; path = NetworkClient.swift; sourceTree = "<group>"; };
		DC49712E613016FCF9941B41 /* API.swift */ = {isa = PBXFileReference; fileEncoding = 4; lastKnownFileType = sourcecode.swift; path = API.swift; sourceTree = "<group>"; };
		DC497229CC5D1684D888D579 /* CitiesPresenter.swift */ = {isa = PBXFileReference; fileEncoding = 4; lastKnownFileType = sourcecode.swift; path = CitiesPresenter.swift; sourceTree = "<group>"; };
		DC4972DC32992962B9F772C7 /* City.swift */ = {isa = PBXFileReference; fileEncoding = 4; lastKnownFileType = sourcecode.swift; path = City.swift; sourceTree = "<group>"; };
		DC4975E99D4AA5E86E94033D /* Info.plist */ = {isa = PBXFileReference; fileEncoding = 4; lastKnownFileType = text.plist.info; path = Info.plist; sourceTree = "<group>"; };
		DC4976652DDA858199A0C93B /* Assets.xcassets */ = {isa = PBXFileReference; lastKnownFileType = folder.assetcatalog; path = Assets.xcassets; sourceTree = "<group>"; };
		DC49781D6C235D6B61BA7B59 /* AppDelegate.swift */ = {isa = PBXFileReference; fileEncoding = 4; lastKnownFileType = sourcecode.swift; path = AppDelegate.swift; sourceTree = "<group>"; };
		DC497A11FEEF389BFD127F01 /* CityDTO.swift */ = {isa = PBXFileReference; fileEncoding = 4; lastKnownFileType = sourcecode.swift; path = CityDTO.swift; sourceTree = "<group>"; };
		DC497A48A9267568B6E9C9B2 /* SignDTO.swift */ = {isa = PBXFileReference; fileEncoding = 4; lastKnownFileType = sourcecode.swift; path = SignDTO.swift; sourceTree = "<group>"; };
		DC497B64740F0A0AE1501B5F /* LaunchScreen.storyboard */ = {isa = PBXFileReference; lastKnownFileType = file.storyboard; path = LaunchScreen.storyboard; sourceTree = "<group>"; };
		DC497BA9669702A78A52177A /* CitiesViewController.swift */ = {isa = PBXFileReference; fileEncoding = 4; lastKnownFileType = sourcecode.swift; path = CitiesViewController.swift; sourceTree = "<group>"; };
		DC497BD5AA9BDDD46D5F93F7 /* SceneDelegate.swift */ = {isa = PBXFileReference; fileEncoding = 4; lastKnownFileType = sourcecode.swift; path = SceneDelegate.swift; sourceTree = "<group>"; };
		DC497CB711AE671A14A235B3 /* String+HTMLEncoding.swift */ = {isa = PBXFileReference; fileEncoding = 4; lastKnownFileType = sourcecode.swift; path = "String+HTMLEncoding.swift"; sourceTree = "<group>"; };
		DC497E3BD5456D80CFBDD30B /* Config.swift */ = {isa = PBXFileReference; fileEncoding = 4; lastKnownFileType = sourcecode.swift; path = Config.swift; sourceTree = "<group>"; };
/* End PBXFileReference section */

/* Begin PBXFrameworksBuildPhase section */
		DC497D8987979B17E313083A /* Frameworks */ = {
			isa = PBXFrameworksBuildPhase;
			buildActionMask = 2147483647;
			files = (
				1EED6BFE0EE496820099B178 /* Pods_SignsForCorpus.framework in Frameworks */,
			);
			runOnlyForDeploymentPostprocessing = 0;
		};
/* End PBXFrameworksBuildPhase section */

/* Begin PBXGroup section */
		0D5F7C2DD40E73DBA373224B /* Pods */ = {
			isa = PBXGroup;
			children = (
				2FA7C3838FBDD3710757ECBE /* Pods-SignsForCorpus.debug.xcconfig */,
				7EE35683EBC6D4520C42E6B9 /* Pods-SignsForCorpus.release.xcconfig */,
			);
			path = Pods;
			sourceTree = "<group>";
		};
		9AB49C7C288B5B0C00B4E758 /* Router */ = {
			isa = PBXGroup;
			children = (
				9AB49C7D288B5B1600B4E758 /* Router.swift */,
			);
			path = Router;
			sourceTree = "<group>";
		};
		9AB49C7F288B5B8C00B4E758 /* SignsModule */ = {
			isa = PBXGroup;
			children = (
				9AB49C81288B5B9B00B4E758 /* Presenter */,
				9AB49C80288B5B9700B4E758 /* View */,
			);
			path = SignsModule;
			sourceTree = "<group>";
		};
		9AB49C80288B5B9700B4E758 /* View */ = {
			isa = PBXGroup;
			children = (
				9AB49C82288B5BAB00B4E758 /* SignsViewController.swift */,
			);
			path = View;
			sourceTree = "<group>";
		};
		9AB49C81288B5B9B00B4E758 /* Presenter */ = {
			isa = PBXGroup;
			children = (
				9AB49C84288B5C1600B4E758 /* SignsPresenter.swift */,
			);
			path = Presenter;
			sourceTree = "<group>";
		};
		9AC1067A288B4FE200D65184 /* Builder */ = {
			isa = PBXGroup;
			children = (
				9AC10678288B4FDF00D65184 /* ModuleBuilder.swift */,
			);
			path = Builder;
			sourceTree = "<group>";
		};
		B2B5913BC003D3ADDEEB9FE4 /* Frameworks */ = {
			isa = PBXGroup;
			children = (
				C65FCDB33C029D94F234DB1F /* Pods_SignsForCorpus.framework */,
			);
			name = Frameworks;
			sourceTree = "<group>";
		};
		DC497044603873FD6E7381FB /* Extension */ = {
			isa = PBXGroup;
			children = (
				DC497CB711AE671A14A235B3 /* String+HTMLEncoding.swift */,
				9AC10676288B3CAE00D65184 /* UIAlertController+ConvinienceMethods.swift */,
			);
			path = Extension;
			sourceTree = "<group>";
		};
		DC497148DE6AEAACC6745935 /* Network */ = {
			isa = PBXGroup;
			children = (
				DC4970EE882D8F1BF387BABF /* NetworkClient.swift */,
				DC49712E613016FCF9941B41 /* API.swift */,
				DC497BBD25D4DEB17CE4945A /* DTO */,
			);
			path = Network;
			sourceTree = "<group>";
		};
		DC49735C359735703FF99793 = {
			isa = PBXGroup;
			children = (
				DC497C517B1A422F31E0B5A5 /* Products */,
				DC497DFA89ED7D7030CAE72A /* SignsForCorpus */,
				0D5F7C2DD40E73DBA373224B /* Pods */,
				B2B5913BC003D3ADDEEB9FE4 /* Frameworks */,
			);
			sourceTree = "<group>";
		};
		DC49744500F452EB3C7BCB6D /* Presenter */ = {
			isa = PBXGroup;
			children = (
				DC497229CC5D1684D888D579 /* CitiesPresenter.swift */,
			);
			path = Presenter;
			sourceTree = "<group>";
		};
		DC497519B561A4A9311EE75D /* Domain */ = {
			isa = PBXGroup;
			children = (
				DC497E890620A68587AA67F1 /* Entities */,
			);
			path = Domain;
			sourceTree = "<group>";
		};
		DC4976C6492BA47857C80137 /* Config */ = {
			isa = PBXGroup;
			children = (
				DC497E3BD5456D80CFBDD30B /* Config.swift */,
			);
			path = Config;
			sourceTree = "<group>";
		};
		DC4978C92213A37EB55D2691 /* Resources */ = {
			isa = PBXGroup;
			children = (
				DC497B64740F0A0AE1501B5F /* LaunchScreen.storyboard */,
				DC4976652DDA858199A0C93B /* Assets.xcassets */,
			);
			path = Resources;
			sourceTree = "<group>";
		};
		DC497BBD25D4DEB17CE4945A /* DTO */ = {
			isa = PBXGroup;
			children = (
				DC497A11FEEF389BFD127F01 /* CityDTO.swift */,
				DC497A48A9267568B6E9C9B2 /* SignDTO.swift */,
			);
			path = DTO;
			sourceTree = "<group>";
		};
		DC497BF739909853B1E32749 /* CitiesModule */ = {
			isa = PBXGroup;
			children = (
				DC497CA306BD6A2EEE1AC119 /* View */,
				DC49744500F452EB3C7BCB6D /* Presenter */,
			);
			path = CitiesModule;
			sourceTree = "<group>";
		};
		DC497C517B1A422F31E0B5A5 /* Products */ = {
			isa = PBXGroup;
			children = (
				DC497062BB8E80A243D429E1 /* SignsForCorpus.app */,
			);
			name = Products;
			sourceTree = "<group>";
		};
		DC497CA306BD6A2EEE1AC119 /* View */ = {
			isa = PBXGroup;
			children = (
				DC497BA9669702A78A52177A /* CitiesViewController.swift */,
			);
			path = View;
			sourceTree = "<group>";
		};
		DC497DFA89ED7D7030CAE72A /* SignsForCorpus */ = {
			isa = PBXGroup;
			children = (
				9AB49C7F288B5B8C00B4E758 /* SignsModule */,
				9AB49C7C288B5B0C00B4E758 /* Router */,
				DC4978C92213A37EB55D2691 /* Resources */,
				DC497EFAD2C8506D01EC67FF /* BuildFiles */,
				DC497BF739909853B1E32749 /* CitiesModule */,
				DC497148DE6AEAACC6745935 /* Network */,
				DC497519B561A4A9311EE75D /* Domain */,
				DC4976C6492BA47857C80137 /* Config */,
				DC497044603873FD6E7381FB /* Extension */,
				9AC1067A288B4FE200D65184 /* Builder */,
			);
			path = SignsForCorpus;
			sourceTree = "<group>";
		};
		DC497E890620A68587AA67F1 /* Entities */ = {
			isa = PBXGroup;
			children = (
				DC4972DC32992962B9F772C7 /* City.swift */,
				DC49701EB7C839BF7526931C /* Sign.swift */,
			);
			path = Entities;
			sourceTree = "<group>";
		};
		DC497EFAD2C8506D01EC67FF /* BuildFiles */ = {
			isa = PBXGroup;
			children = (
				DC49781D6C235D6B61BA7B59 /* AppDelegate.swift */,
				DC497BD5AA9BDDD46D5F93F7 /* SceneDelegate.swift */,
				DC4975E99D4AA5E86E94033D /* Info.plist */,
			);
			path = BuildFiles;
			sourceTree = "<group>";
		};
/* End PBXGroup section */

/* Begin PBXNativeTarget section */
		DC497AF6C81658F688B9C58F /* SignsForCorpus */ = {
			isa = PBXNativeTarget;
			buildConfigurationList = DC497DDD7483AD307BBFDF99 /* Build configuration list for PBXNativeTarget "SignsForCorpus" */;
			buildPhases = (
				4A00F687BCD52C772DB74EC3 /* [CP] Check Pods Manifest.lock */,
				DC49726D434B69F1683E3CCA /* Sources */,
				DC497D8987979B17E313083A /* Frameworks */,
				DC497865B114014176DD402C /* Resources */,
				439CC7EE3953E361B51A11B9 /* [CP] Embed Pods Frameworks */,
			);
			buildRules = (
			);
			dependencies = (
			);
			name = SignsForCorpus;
			productName = SignsForCorpus;
			productReference = DC497062BB8E80A243D429E1 /* SignsForCorpus.app */;
			productType = "com.apple.product-type.application";
		};
/* End PBXNativeTarget section */

/* Begin PBXProject section */
		DC49789EFBA6CF9C1882780F /* Project object */ = {
			isa = PBXProject;
			attributes = {
			};
			buildConfigurationList = DC49765F57B8ADA9DBF4AE71 /* Build configuration list for PBXProject "SignsForCorpus" */;
			compatibilityVersion = "Xcode 3.2";
			developmentRegion = English;
			hasScannedForEncodings = 0;
			knownRegions = (
				English,
				en,
			);
			mainGroup = DC49735C359735703FF99793;
			productRefGroup = DC497C517B1A422F31E0B5A5 /* Products */;
			projectDirPath = "";
			projectRoot = "";
			targets = (
				DC497AF6C81658F688B9C58F /* SignsForCorpus */,
			);
		};
/* End PBXProject section */

/* Begin PBXResourcesBuildPhase section */
		DC497865B114014176DD402C /* Resources */ = {
			isa = PBXResourcesBuildPhase;
			buildActionMask = 2147483647;
			files = (
				DC497A32907505C06CB95954 /* LaunchScreen.storyboard in Resources */,
				DC497D115F8763DB65AC3DB9 /* Assets.xcassets in Resources */,
			);
			runOnlyForDeploymentPostprocessing = 0;
		};
/* End PBXResourcesBuildPhase section */

/* Begin PBXShellScriptBuildPhase section */
		439CC7EE3953E361B51A11B9 /* [CP] Embed Pods Frameworks */ = {
			isa = PBXShellScriptBuildPhase;
			buildActionMask = 2147483647;
			files = (
			);
			inputPaths = (
				"${PODS_ROOT}/Target Support Files/Pods-SignsForCorpus/Pods-SignsForCorpus-frameworks.sh",
				"${BUILT_PRODUCTS_DIR}/Alamofire/Alamofire.framework",
			);
			name = "[CP] Embed Pods Frameworks";
			outputPaths = (
				"${TARGET_BUILD_DIR}/${FRAMEWORKS_FOLDER_PATH}/Alamofire.framework",
			);
			runOnlyForDeploymentPostprocessing = 0;
			shellPath = /bin/sh;
			shellScript = "\"${PODS_ROOT}/Target Support Files/Pods-SignsForCorpus/Pods-SignsForCorpus-frameworks.sh\"\n";
			showEnvVarsInLog = 0;
		};
		4A00F687BCD52C772DB74EC3 /* [CP] Check Pods Manifest.lock */ = {
			isa = PBXShellScriptBuildPhase;
			buildActionMask = 2147483647;
			files = (
			);
			inputFileListPaths = (
			);
			inputPaths = (
				"${PODS_PODFILE_DIR_PATH}/Podfile.lock",
				"${PODS_ROOT}/Manifest.lock",
			);
			name = "[CP] Check Pods Manifest.lock";
			outputFileListPaths = (
			);
			outputPaths = (
				"$(DERIVED_FILE_DIR)/Pods-SignsForCorpus-checkManifestLockResult.txt",
			);
			runOnlyForDeploymentPostprocessing = 0;
			shellPath = /bin/sh;
			shellScript = "diff \"${PODS_PODFILE_DIR_PATH}/Podfile.lock\" \"${PODS_ROOT}/Manifest.lock\" > /dev/null\nif [ $? != 0 ] ; then\n    # print error to STDERR\n    echo \"error: The sandbox is not in sync with the Podfile.lock. Run 'pod install' or update your CocoaPods installation.\" >&2\n    exit 1\nfi\n# This output is used by Xcode 'outputs' to avoid re-running this script phase.\necho \"SUCCESS\" > \"${SCRIPT_OUTPUT_FILE_0}\"\n";
			showEnvVarsInLog = 0;
		};
/* End PBXShellScriptBuildPhase section */

/* Begin PBXSourcesBuildPhase section */
		DC49726D434B69F1683E3CCA /* Sources */ = {
			isa = PBXSourcesBuildPhase;
			buildActionMask = 2147483647;
			files = (
				9AB49C85288B5C1600B4E758 /* SignsPresenter.swift in Sources */,
				DC4970CCF3DA6606B0E29D60 /* CitiesViewController.swift in Sources */,
				DC4974DA7DBCB46456AB669F /* AppDelegate.swift in Sources */,
				DC497144F9DB1B53086B63E2 /* SceneDelegate.swift in Sources */,
				DC497150D02429A97A373211 /* NetworkClient.swift in Sources */,
				DC4977422D8AB13E1E0F1D65 /* API.swift in Sources */,
				DC497BD689D4ED02CFCCF110 /* CityDTO.swift in Sources */,
				DC4975C735352C1B61A5D64D /* SignDTO.swift in Sources */,
				9AB49C83288B5BAB00B4E758 /* SignsViewController.swift in Sources */,
				9AB49C7E288B5B1600B4E758 /* Router.swift in Sources */,
				DC4970B362F74C090ACF4143 /* City.swift in Sources */,
				DC497E28E89CA04592051857 /* Sign.swift in Sources */,
				DC497A2E29456A2B9439E9FB /* Config.swift in Sources */,
				DC49758D4F16F01F0A0809CB /* String+HTMLEncoding.swift in Sources */,
				9AC10679288B4FDF00D65184 /* ModuleBuilder.swift in Sources */,
				DC4975C1A35E5803641B18CD /* CitiesPresenter.swift in Sources */,
				9AC10677288B3CAE00D65184 /* UIAlertController+ConvinienceMethods.swift in Sources */,
			);
			runOnlyForDeploymentPostprocessing = 0;
		};
/* End PBXSourcesBuildPhase section */

/* Begin XCBuildConfiguration section */
		DC497053480504356952EDAC /* Release */ = {
			isa = XCBuildConfiguration;
			buildSettings = {
				ALWAYS_SEARCH_USER_PATHS = NO;
				CLANG_ANALYZER_NONNULL = YES;
				CLANG_ANALYZER_NUMBER_OBJECT_CONVERSION = YES_AGGRESSIVE;
				CLANG_CXX_LANGUAGE_STANDARD = "gnu++17";
				CLANG_CXX_LIBRARY = "libc++";
				CLANG_ENABLE_MODULES = YES;
				CLANG_ENABLE_OBJC_ARC = YES;
				CLANG_ENABLE_OBJC_WEAK = YES;
				CLANG_WARN_BLOCK_CAPTURE_AUTORELEASING = YES;
				CLANG_WARN_BOOL_CONVERSION = YES;
				CLANG_WARN_COMMA = YES;
				CLANG_WARN_CONSTANT_CONVERSION = YES;
				CLANG_WARN_DEPRECATED_OBJC_IMPLEMENTATIONS = YES;
				CLANG_WARN_DIRECT_OBJC_ISA_USAGE = YES_ERROR;
				CLANG_WARN_DOCUMENTATION_COMMENTS = YES;
				CLANG_WARN_EMPTY_BODY = YES;
				CLANG_WARN_ENUM_CONVERSION = YES;
				CLANG_WARN_INFINITE_RECURSION = YES;
				CLANG_WARN_INT_CONVERSION = YES;
				CLANG_WARN_NON_LITERAL_NULL_CONVERSION = YES;
				CLANG_WARN_OBJC_IMPLICIT_RETAIN_SELF = YES;
				CLANG_WARN_OBJC_LITERAL_CONVERSION = YES;
				CLANG_WARN_OBJC_ROOT_CLASS = YES_ERROR;
				CLANG_WARN_QUOTED_INCLUDE_IN_FRAMEWORK_HEADER = YES;
				CLANG_WARN_RANGE_LOOP_ANALYSIS = YES;
				CLANG_WARN_STRICT_PROTOTYPES = YES;
				CLANG_WARN_SUSPICIOUS_MOVE = YES;
				CLANG_WARN_UNGUARDED_AVAILABILITY = YES_AGGRESSIVE;
				CLANG_WARN_UNREACHABLE_CODE = YES;
				CLANG_WARN__DUPLICATE_METHOD_MATCH = YES;
				COPY_PHASE_STRIP = NO;
				DEBUG_INFORMATION_FORMAT = "dwarf-with-dsym";
				ENABLE_NS_ASSERTIONS = NO;
				ENABLE_STRICT_OBJC_MSGSEND = YES;
				GCC_C_LANGUAGE_STANDARD = gnu11;
				GCC_NO_COMMON_BLOCKS = YES;
				GCC_WARN_64_TO_32_BIT_CONVERSION = YES;
				GCC_WARN_ABOUT_RETURN_TYPE = YES_ERROR;
				GCC_WARN_UNDECLARED_SELECTOR = YES;
				GCC_WARN_UNINITIALIZED_AUTOS = YES_AGGRESSIVE;
				GCC_WARN_UNUSED_FUNCTION = YES;
				GCC_WARN_UNUSED_VARIABLE = YES;
				IPHONEOS_DEPLOYMENT_TARGET = 15.2;
				MTL_ENABLE_DEBUG_INFO = NO;
				MTL_FAST_MATH = YES;
				SDKROOT = iphoneos;
				SWIFT_OPTIMIZATION_LEVEL = "-Owholemodule";
				VALIDATE_PRODUCT = YES;
			};
			name = Release;
		};
		DC497204FA6E7A3C312D78BC /* Debug */ = {
			isa = XCBuildConfiguration;
			buildSettings = {
				ALWAYS_SEARCH_USER_PATHS = NO;
				CLANG_ANALYZER_NONNULL = YES;
				CLANG_ANALYZER_NUMBER_OBJECT_CONVERSION = YES_AGGRESSIVE;
				CLANG_CXX_LANGUAGE_STANDARD = "gnu++17";
				CLANG_CXX_LIBRARY = "libc++";
				CLANG_ENABLE_MODULES = YES;
				CLANG_ENABLE_OBJC_ARC = YES;
				CLANG_ENABLE_OBJC_WEAK = YES;
				CLANG_WARN_BLOCK_CAPTURE_AUTORELEASING = YES;
				CLANG_WARN_BOOL_CONVERSION = YES;
				CLANG_WARN_COMMA = YES;
				CLANG_WARN_CONSTANT_CONVERSION = YES;
				CLANG_WARN_DEPRECATED_OBJC_IMPLEMENTATIONS = YES;
				CLANG_WARN_DIRECT_OBJC_ISA_USAGE = YES_ERROR;
				CLANG_WARN_DOCUMENTATION_COMMENTS = YES;
				CLANG_WARN_EMPTY_BODY = YES;
				CLANG_WARN_ENUM_CONVERSION = YES;
				CLANG_WARN_INFINITE_RECURSION = YES;
				CLANG_WARN_INT_CONVERSION = YES;
				CLANG_WARN_NON_LITERAL_NULL_CONVERSION = YES;
				CLANG_WARN_OBJC_IMPLICIT_RETAIN_SELF = YES;
				CLANG_WARN_OBJC_LITERAL_CONVERSION = YES;
				CLANG_WARN_OBJC_ROOT_CLASS = YES_ERROR;
				CLANG_WARN_QUOTED_INCLUDE_IN_FRAMEWORK_HEADER = YES;
				CLANG_WARN_RANGE_LOOP_ANALYSIS = YES;
				CLANG_WARN_STRICT_PROTOTYPES = YES;
				CLANG_WARN_SUSPICIOUS_MOVE = YES;
				CLANG_WARN_UNGUARDED_AVAILABILITY = YES_AGGRESSIVE;
				CLANG_WARN_UNREACHABLE_CODE = YES;
				CLANG_WARN__DUPLICATE_METHOD_MATCH = YES;
				COPY_PHASE_STRIP = NO;
				DEBUG_INFORMATION_FORMAT = dwarf;
				ENABLE_STRICT_OBJC_MSGSEND = YES;
				ENABLE_TESTABILITY = YES;
				GCC_C_LANGUAGE_STANDARD = gnu11;
				GCC_DYNAMIC_NO_PIC = NO;
				GCC_NO_COMMON_BLOCKS = YES;
				GCC_OPTIMIZATION_LEVEL = 0;
				GCC_PREPROCESSOR_DEFINITIONS = (
					"DEBUG=1",
					"$(inherited)",
				);
				GCC_WARN_64_TO_32_BIT_CONVERSION = YES;
				GCC_WARN_ABOUT_RETURN_TYPE = YES_ERROR;
				GCC_WARN_UNDECLARED_SELECTOR = YES;
				GCC_WARN_UNINITIALIZED_AUTOS = YES_AGGRESSIVE;
				GCC_WARN_UNUSED_FUNCTION = YES;
				GCC_WARN_UNUSED_VARIABLE = YES;
				IPHONEOS_DEPLOYMENT_TARGET = 15.2;
				MTL_ENABLE_DEBUG_INFO = INCLUDE_SOURCE;
				MTL_FAST_MATH = YES;
				ONLY_ACTIVE_ARCH = YES;
				SDKROOT = iphoneos;
				SWIFT_ACTIVE_COMPILATION_CONDITIONS = DEBUG;
				SWIFT_OPTIMIZATION_LEVEL = "-Onone";
			};
			name = Debug;
		};
		DC497AC1AB5DF62DCF0213A0 /* Release */ = {
			isa = XCBuildConfiguration;
			baseConfigurationReference = 7EE35683EBC6D4520C42E6B9 /* Pods-SignsForCorpus.release.xcconfig */;
			buildSettings = {
				ASSETCATALOG_COMPILER_APPICON_NAME = AppIcon;
				ASSETCATALOG_COMPILER_GLOBAL_ACCENT_COLOR_NAME = AccentColor;
				CURRENT_PROJECT_VERSION = 1;
				GENERATE_INFOPLIST_FILE = YES;
				INFOPLIST_FILE = SignsForCorpus/BuildFiles/Info.plist;
				INFOPLIST_KEY_UIApplicationSupportsIndirectInputEvents = YES;
				INFOPLIST_KEY_UILaunchStoryboardName = LaunchScreen;
				INFOPLIST_KEY_UIMainStoryboardFile = "";
				INFOPLIST_KEY_UISupportedInterfaceOrientations_iPad = "UIInterfaceOrientationPortrait UIInterfaceOrientationPortraitUpsideDown UIInterfaceOrientationLandscapeLeft UIInterfaceOrientationLandscapeRight";
				INFOPLIST_KEY_UISupportedInterfaceOrientations_iPhone = "UIInterfaceOrientationPortrait UIInterfaceOrientationLandscapeLeft UIInterfaceOrientationLandscapeRight";
				LD_RUNPATH_SEARCH_PATHS = "$(inherited) @executable_path/Frameworks";
				MARKETING_VERSION = 1.0;
				PRODUCT_BUNDLE_IDENTIFIER = "by.ilya-budevich.SignsForCorpus";
				PRODUCT_NAME = "$(TARGET_NAME)";
				SWIFT_EMIT_LOC_STRINGS = YES;
				SWIFT_VERSION = 5.0;
				TARGETED_DEVICE_FAMILY = "1,2";
			};
			name = Release;
		};
		DC497B284AC5C5BAB9032C3C /* Debug */ = {
			isa = XCBuildConfiguration;
			baseConfigurationReference = 2FA7C3838FBDD3710757ECBE /* Pods-SignsForCorpus.debug.xcconfig */;
			buildSettings = {
				ASSETCATALOG_COMPILER_APPICON_NAME = AppIcon;
				ASSETCATALOG_COMPILER_GLOBAL_ACCENT_COLOR_NAME = AccentColor;
				CURRENT_PROJECT_VERSION = 1;
				GENERATE_INFOPLIST_FILE = YES;
				INFOPLIST_FILE = SignsForCorpus/BuildFiles/Info.plist;
				INFOPLIST_KEY_UIApplicationSupportsIndirectInputEvents = YES;
				INFOPLIST_KEY_UILaunchStoryboardName = LaunchScreen;
				INFOPLIST_KEY_UIMainStoryboardFile = "";
				INFOPLIST_KEY_UISupportedInterfaceOrientations_iPad = "UIInterfaceOrientationPortrait UIInterfaceOrientationPortraitUpsideDown UIInterfaceOrientationLandscapeLeft UIInterfaceOrientationLandscapeRight";
				INFOPLIST_KEY_UISupportedInterfaceOrientations_iPhone = "UIInterfaceOrientationPortrait UIInterfaceOrientationLandscapeLeft UIInterfaceOrientationLandscapeRight";
				LD_RUNPATH_SEARCH_PATHS = "$(inherited) @executable_path/Frameworks";
				MARKETING_VERSION = 1.0;
				PRODUCT_BUNDLE_IDENTIFIER = "by.ilya-budevich.SignsForCorpus";
				PRODUCT_NAME = "$(TARGET_NAME)";
				SWIFT_EMIT_LOC_STRINGS = YES;
				SWIFT_VERSION = 5.0;
				TARGETED_DEVICE_FAMILY = "1,2";
			};
			name = Debug;
		};
/* End XCBuildConfiguration section */

/* Begin XCConfigurationList section */
		DC49765F57B8ADA9DBF4AE71 /* Build configuration list for PBXProject "SignsForCorpus" */ = {
			isa = XCConfigurationList;
			buildConfigurations = (
				DC497204FA6E7A3C312D78BC /* Debug */,
				DC497053480504356952EDAC /* Release */,
			);
			defaultConfigurationIsVisible = 0;
			defaultConfigurationName = Release;
		};
		DC497DDD7483AD307BBFDF99 /* Build configuration list for PBXNativeTarget "SignsForCorpus" */ = {
			isa = XCConfigurationList;
			buildConfigurations = (
				DC497B284AC5C5BAB9032C3C /* Debug */,
				DC497AC1AB5DF62DCF0213A0 /* Release */,
			);
			defaultConfigurationIsVisible = 0;
			defaultConfigurationName = Release;
		};
/* End XCConfigurationList section */
	};
	rootObject = DC49789EFBA6CF9C1882780F /* Project object */;
}
